
Microsoft Visual Studio Solution File, Format Version 12.00
# Visual Studio Version 16
VisualStudioVersion = 16.0.30002.166
MinimumVisualStudioVersion = 10.0.40219.1
Project("{FAE04EC0-301F-11D3-BF4B-00C04F79EFBC}") = "service.log4net", "service.log4net\service.log4net.csproj", "{9403F098-778E-48AA-970B-1A5018755366}"
EndProject
Global
	GlobalSection(SolutionConfigurationPlatforms) = preSolution
		Debug|Any CPU = Debug|Any CPU
		Release|Any CPU = Release|Any CPU
	EndGlobalSection
	GlobalSection(ProjectConfigurationPlatforms) = postSolution
		{9403F098-778E-48AA-970B-1A5018755366}.Debug|Any CPU.ActiveCfg = Debug|Any CPU
		{9403F098-778E-48AA-970B-1A5018755366}.Debug|Any CPU.Build.0 = Debug|Any CPU
		{9403F098-778E-48AA-970B-1A5018755366}.Release|Any CPU.ActiveCfg = Release|Any CPU
		{9403F098-778E-48AA-970B-1A5018755366}.Release|Any CPU.Build.0 = Release|Any CPU
	EndGlobalSection
	GlobalSection(SolutionProperties) = preSolution
		HideSolutionNode = FALSE
	EndGlobalSection
	GlobalSection(ExtensibilityGlobals) = postSolution
		SolutionGuid = {79948DF2-4710-45DA-8818-E5B8AFCEC5BC}
	EndGlobalSection
EndGlobal
